
Microsoft Visual Studio Solution File, Format Version 12.00
# Visual Studio Version 17
VisualStudioVersion = 17.7.34003.232
MinimumVisualStudioVersion = 10.0.40219.1
Project("{FAE04EC0-301F-11D3-BF4B-00C04F79EFBC}") = "MVC_CRUD_DEMO", "MVC_CRUD_DEMO\MVC_CRUD_DEMO.csproj", "{D10D85FB-B7E5-4A5D-92DD-BE26E2D91CBB}"
EndProject
Global
	GlobalSection(SolutionConfigurationPlatforms) = preSolution
		Debug|Any CPU = Debug|Any CPU
		Release|Any CPU = Release|Any CPU
	EndGlobalSection
	GlobalSection(ProjectConfigurationPlatforms) = postSolution
		{D10D85FB-B7E5-4A5D-92DD-BE26E2D91CBB}.Debug|Any CPU.ActiveCfg = Debug|Any CPU
		{D10D85FB-B7E5-4A5D-92DD-BE26E2D91CBB}.Debug|Any CPU.Build.0 = Debug|Any CPU
		{D10D85FB-B7E5-4A5D-92DD-BE26E2D91CBB}.Release|Any CPU.ActiveCfg = Release|Any CPU
		{D10D85FB-B7E5-4A5D-92DD-BE26E2D91CBB}.Release|Any CPU.Build.0 = Release|Any CPU
	EndGlobalSection
	GlobalSection(SolutionProperties) = preSolution
		HideSolutionNode = FALSE
	EndGlobalSection
	GlobalSection(ExtensibilityGlobals) = postSolution
		SolutionGuid = {5A51AC0A-206B-4250-86E1-ABBCBF65DF18}
	EndGlobalSection
EndGlobal
